
Microsoft Visual Studio Solution File, Format Version 12.00
# Visual Studio Version 16
VisualStudioVersion = 16.0.31829.152
MinimumVisualStudioVersion = 10.0.40219.1
Project("{FAE04EC0-301F-11D3-BF4B-00C04F79EFBC}") = "ChargesModel", "ChargesModel.csproj", "{3545EAC9-A0BD-457E-B545-A42D16BC4E2D}"
EndProject
Global
	GlobalSection(SolutionConfigurationPlatforms) = preSolution
		Debug|Any CPU = Debug|Any CPU
		Release|Any CPU = Release|Any CPU
	EndGlobalSection
	GlobalSection(ProjectConfigurationPlatforms) = postSolution
		{3545EAC9-A0BD-457E-B545-A42D16BC4E2D}.Debug|Any CPU.ActiveCfg = Debug|Any CPU
		{3545EAC9-A0BD-457E-B545-A42D16BC4E2D}.Debug|Any CPU.Build.0 = Debug|Any CPU
		{3545EAC9-A0BD-457E-B545-A42D16BC4E2D}.Release|Any CPU.ActiveCfg = Release|Any CPU
		{3545EAC9-A0BD-457E-B545-A42D16BC4E2D}.Release|Any CPU.Build.0 = Release|Any CPU
	EndGlobalSection
	GlobalSection(SolutionProperties) = preSolution
		HideSolutionNode = FALSE
	EndGlobalSection
	GlobalSection(ExtensibilityGlobals) = postSolution
		SolutionGuid = {3F0B115F-276C-491D-92CB-0B1A736D759F}
	EndGlobalSection
EndGlobal
